// !$*UTF8*$!
{
	archiveVersion = 1;
	classes = {
	};
	objectVersion = 46;
	objects = {

/* Begin PBXBuildFile section */
		FC2EE1D9173DF356007B49AE /* knight.gif in Resources */ = {isa = PBXBuildFile; fileRef = FC2EE1D8173DF356007B49AE /* knight.gif */; };
		FC2F02031725664900F32B8E /* ES1Renderer.m in Sources */ = {isa = PBXBuildFile; fileRef = FC2F02021725664900F32B8E /* ES1Renderer.m */; };
		FC2F0206172570D300F32B8E /* EAGLView.m in Sources */ = {isa = PBXBuildFile; fileRef = FC2F0205172570D300F32B8E /* EAGLView.m */; };
		FC2F020A1725833400F32B8E /* MainWindow.xib in Resources */ = {isa = PBXBuildFile; fileRef = FC2F02091725833400F32B8E /* MainWindow.xib */; };
		FC3912CA173A842B00EBD281 /* ImageRenderManager.m in Sources */ = {isa = PBXBuildFile; fileRef = FC3912C9173A842B00EBD281 /* ImageRenderManager.m */; };
		FC3F8DA2173D236000DE3C80 /* Image.m in Sources */ = {isa = PBXBuildFile; fileRef = FC3F8DA1173D236000DE3C80 /* Image.m */; };
		FC5C7AA7172676B400BF2C4B /* AbstractScene.m in Sources */ = {isa = PBXBuildFile; fileRef = FC5C7AA6172676B400BF2C4B /* AbstractScene.m */; };
		FC5C7AAB17267B1100BF2C4B /* GameScene.m in Sources */ = {isa = PBXBuildFile; fileRef = FC5C7AAA17267B1100BF2C4B /* GameScene.m */; };
		FC5C7AAF17267C2A00BF2C4B /* GameController.m in Sources */ = {isa = PBXBuildFile; fileRef = FC5C7AAE17267C2A00BF2C4B /* GameController.m */; };
		FC619252172182F000C147D6 /* UIKit.framework in Frameworks */ = {isa = PBXBuildFile; fileRef = FC619251172182F000C147D6 /* UIKit.framework */; };
		FC619254172182F000C147D6 /* Foundation.framework in Frameworks */ = {isa = PBXBuildFile; fileRef = FC619253172182F000C147D6 /* Foundation.framework */; };
		FC619256172182F000C147D6 /* CoreGraphics.framework in Frameworks */ = {isa = PBXBuildFile; fileRef = FC619255172182F000C147D6 /* CoreGraphics.framework */; };
		FC61925C172182F000C147D6 /* InfoPlist.strings in Resources */ = {isa = PBXBuildFile; fileRef = FC61925A172182F000C147D6 /* InfoPlist.strings */; };
		FC61925E172182F000C147D6 /* main.m in Sources */ = {isa = PBXBuildFile; fileRef = FC61925D172182F000C147D6 /* main.m */; };
		FC619262172182F000C147D6 /* AppDelegate.m in Sources */ = {isa = PBXBuildFile; fileRef = FC619261172182F000C147D6 /* AppDelegate.m */; };
		FC619264172182F000C147D6 /* Default.png in Resources */ = {isa = PBXBuildFile; fileRef = FC619263172182F000C147D6 /* Default.png */; };
		FC619266172182F000C147D6 /* Default@2x.png in Resources */ = {isa = PBXBuildFile; fileRef = FC619265172182F000C147D6 /* Default@2x.png */; };
		FC619268172182F000C147D6 /* Default-568h@2x.png in Resources */ = {isa = PBXBuildFile; fileRef = FC619267172182F000C147D6 /* Default-568h@2x.png */; };
		FC619270172182F000C147D6 /* SenTestingKit.framework in Frameworks */ = {isa = PBXBuildFile; fileRef = FC61926F172182F000C147D6 /* SenTestingKit.framework */; };
		FC619271172182F000C147D6 /* UIKit.framework in Frameworks */ = {isa = PBXBuildFile; fileRef = FC619251172182F000C147D6 /* UIKit.framework */; };
		FC619272172182F000C147D6 /* Foundation.framework in Frameworks */ = {isa = PBXBuildFile; fileRef = FC619253172182F000C147D6 /* Foundation.framework */; };
		FC61927A172182F000C147D6 /* InfoPlist.strings in Resources */ = {isa = PBXBuildFile; fileRef = FC619278172182F000C147D6 /* InfoPlist.strings */; };
		FC61927D172182F000C147D6 /* YoungTests.m in Sources */ = {isa = PBXBuildFile; fileRef = FC61927C172182F000C147D6 /* YoungTests.m */; };
		FC6192871721868200C147D6 /* OpenGLES.framework in Frameworks */ = {isa = PBXBuildFile; fileRef = FC6192861721868200C147D6 /* OpenGLES.framework */; };
		FC61928B17218AAD00C147D6 /* QuartzCore.framework in Frameworks */ = {isa = PBXBuildFile; fileRef = FC61928A17218AAD00C147D6 /* QuartzCore.framework */; };
		FC61929417218DE700C147D6 /* ES2Renderer.m in Sources */ = {isa = PBXBuildFile; fileRef = FC61929317218DE700C147D6 /* ES2Renderer.m */; };
		FC646CBF1729652000FDB80C /* TriangleScene.m in Sources */ = {isa = PBXBuildFile; fileRef = FC646CBE1729652000FDB80C /* TriangleScene.m */; };
		FC79CD991737DE66001DCB24 /* TextureManager.m in Sources */ = {isa = PBXBuildFile; fileRef = FC79CD981737DE66001DCB24 /* TextureManager.m */; };
		FCACBE62172AC3EA009741FC /* Texture2D.m in Sources */ = {isa = PBXBuildFile; fileRef = FCACBE61172AC3EA009741FC /* Texture2D.m */; };
/* End PBXBuildFile section */

/* Begin PBXContainerItemProxy section */
		FC619273172182F000C147D6 /* PBXContainerItemProxy */ = {
			isa = PBXContainerItemProxy;
			containerPortal = FC619246172182F000C147D6 /* Project object */;
			proxyType = 1;
			remoteGlobalIDString = FC61924D172182F000C147D6;
			remoteInfo = Young;
		};
/* End PBXContainerItemProxy section */

/* Begin PBXFileReference section */
		FC2EE1D8173DF356007B49AE /* knight.gif */ = {isa = PBXFileReference; lastKnownFileType = image.gif; path = knight.gif; sourceTree = "<group>"; };
		FC2F02011725664900F32B8E /* ES1Renderer.h */ = {isa = PBXFileReference; fileEncoding = 4; lastKnownFileType = sourcecode.c.h; path = ES1Renderer.h; sourceTree = "<group>"; };
		FC2F02021725664900F32B8E /* ES1Renderer.m */ = {isa = PBXFileReference; fileEncoding = 4; lastKnownFileType = sourcecode.c.objc; path = ES1Renderer.m; sourceTree = "<group>"; };
		FC2F0204172570D300F32B8E /* EAGLView.h */ = {isa = PBXFileReference; fileEncoding = 4; lastKnownFileType = sourcecode.c.h; path = EAGLView.h; sourceTree = "<group>"; };
		FC2F0205172570D300F32B8E /* EAGLView.m */ = {isa = PBXFileReference; fileEncoding = 4; lastKnownFileType = sourcecode.c.objc; path = EAGLView.m; sourceTree = "<group>"; };
		FC2F02091725833400F32B8E /* MainWindow.xib */ = {isa = PBXFileReference; fileEncoding = 4; lastKnownFileType = file.xib; path = MainWindow.xib; sourceTree = "<group>"; };
		FC3912C8173A842B00EBD281 /* ImageRenderManager.h */ = {isa = PBXFileReference; fileEncoding = 4; lastKnownFileType = sourcecode.c.h; path = ImageRenderManager.h; sourceTree = "<group>"; };
		FC3912C9173A842B00EBD281 /* ImageRenderManager.m */ = {isa = PBXFileReference; fileEncoding = 4; lastKnownFileType = sourcecode.c.objc; path = ImageRenderManager.m; sourceTree = "<group>"; };
		FC3F8DA0173D236000DE3C80 /* Image.h */ = {isa = PBXFileReference; fileEncoding = 4; lastKnownFileType = sourcecode.c.h; path = Image.h; sourceTree = "<group>"; };
		FC3F8DA1173D236000DE3C80 /* Image.m */ = {isa = PBXFileReference; fileEncoding = 4; lastKnownFileType = sourcecode.c.objc; path = Image.m; sourceTree = "<group>"; };
		FC3F8DA3173D2E4600DE3C80 /* Transform2D.h */ = {isa = PBXFileReference; lastKnownFileType = sourcecode.c.h; path = Transform2D.h; sourceTree = "<group>"; };
		FC5C7AA11726717100BF2C4B /* Global.h */ = {isa = PBXFileReference; fileEncoding = 4; lastKnownFileType = sourcecode.c.h; path = Global.h; sourceTree = "<group>"; };
		FC5C7AA2172671F100BF2C4B /* SynthesizeSingleton.h */ = {isa = PBXFileReference; fileEncoding = 4; lastKnownFileType = sourcecode.c.h; path = SynthesizeSingleton.h; sourceTree = "<group>"; };
		FC5C7AA31726752000BF2C4B /* Common.h */ = {isa = PBXFileReference; fileEncoding = 4; lastKnownFileType = sourcecode.c.h; path = Common.h; sourceTree = "<group>"; };
		FC5C7AA5172676B400BF2C4B /* AbstractScene.h */ = {isa = PBXFileReference; fileEncoding = 4; lastKnownFileType = sourcecode.c.h; path = AbstractScene.h; sourceTree = "<group>"; };
		FC5C7AA6172676B400BF2C4B /* AbstractScene.m */ = {isa = PBXFileReference; fileEncoding = 4; lastKnownFileType = sourcecode.c.objc; path = AbstractScene.m; sourceTree = "<group>"; };
		FC5C7AA917267B1100BF2C4B /* GameScene.h */ = {isa = PBXFileReference; fileEncoding = 4; lastKnownFileType = sourcecode.c.h; path = GameScene.h; sourceTree = "<group>"; };
		FC5C7AAA17267B1100BF2C4B /* GameScene.m */ = {isa = PBXFileReference; fileEncoding = 4; lastKnownFileType = sourcecode.c.objc; path = GameScene.m; sourceTree = "<group>"; };
		FC5C7AAD17267C2A00BF2C4B /* GameController.h */ = {isa = PBXFileReference; fileEncoding = 4; lastKnownFileType = sourcecode.c.h; path = GameController.h; sourceTree = "<group>"; };
		FC5C7AAE17267C2A00BF2C4B /* GameController.m */ = {isa = PBXFileReference; fileEncoding = 4; lastKnownFileType = sourcecode.c.objc; path = GameController.m; sourceTree = "<group>"; };
		FC61924E172182F000C147D6 /* Young.app */ = {isa = PBXFileReference; explicitFileType = wrapper.application; includeInIndex = 0; path = Young.app; sourceTree = BUILT_PRODUCTS_DIR; };
		FC619251172182F000C147D6 /* UIKit.framework */ = {isa = PBXFileReference; lastKnownFileType = wrapper.framework; name = UIKit.framework; path = System/Library/Frameworks/UIKit.framework; sourceTree = SDKROOT; };
		FC619253172182F000C147D6 /* Foundation.framework */ = {isa = PBXFileReference; lastKnownFileType = wrapper.framework; name = Foundation.framework; path = System/Library/Frameworks/Foundation.framework; sourceTree = SDKROOT; };
		FC619255172182F000C147D6 /* CoreGraphics.framework */ = {isa = PBXFileReference; lastKnownFileType = wrapper.framework; name = CoreGraphics.framework; path = System/Library/Frameworks/CoreGraphics.framework; sourceTree = SDKROOT; };
		FC619259172182F000C147D6 /* Young-Info.plist */ = {isa = PBXFileReference; lastKnownFileType = text.plist.xml; path = "Young-Info.plist"; sourceTree = "<group>"; };
		FC61925B172182F000C147D6 /* en */ = {isa = PBXFileReference; lastKnownFileType = text.plist.strings; name = en; path = en.lproj/InfoPlist.strings; sourceTree = "<group>"; };
		FC61925D172182F000C147D6 /* main.m */ = {isa = PBXFileReference; lastKnownFileType = sourcecode.c.objc; path = main.m; sourceTree = "<group>"; };
		FC61925F172182F000C147D6 /* Young-Prefix.pch */ = {isa = PBXFileReference; lastKnownFileType = sourcecode.c.h; path = "Young-Prefix.pch"; sourceTree = "<group>"; };
		FC619260172182F000C147D6 /* AppDelegate.h */ = {isa = PBXFileReference; lastKnownFileType = sourcecode.c.h; path = AppDelegate.h; sourceTree = "<group>"; };
		FC619261172182F000C147D6 /* AppDelegate.m */ = {isa = PBXFileReference; lastKnownFileType = sourcecode.c.objc; path = AppDelegate.m; sourceTree = "<group>"; };
		FC619263172182F000C147D6 /* Default.png */ = {isa = PBXFileReference; lastKnownFileType = image.png; path = Default.png; sourceTree = "<group>"; };
		FC619265172182F000C147D6 /* Default@2x.png */ = {isa = PBXFileReference; lastKnownFileType = image.png; path = "Default@2x.png"; sourceTree = "<group>"; };
		FC619267172182F000C147D6 /* Default-568h@2x.png */ = {isa = PBXFileReference; lastKnownFileType = image.png; path = "Default-568h@2x.png"; sourceTree = "<group>"; };
		FC61926E172182F000C147D6 /* YoungTests.octest */ = {isa = PBXFileReference; explicitFileType = wrapper.cfbundle; includeInIndex = 0; path = YoungTests.octest; sourceTree = BUILT_PRODUCTS_DIR; };
		FC61926F172182F000C147D6 /* SenTestingKit.framework */ = {isa = PBXFileReference; lastKnownFileType = wrapper.framework; name = SenTestingKit.framework; path = Library/Frameworks/SenTestingKit.framework; sourceTree = DEVELOPER_DIR; };
		FC619277172182F000C147D6 /* YoungTests-Info.plist */ = {isa = PBXFileReference; lastKnownFileType = text.plist.xml; path = "YoungTests-Info.plist"; sourceTree = "<group>"; };
		FC619279172182F000C147D6 /* en */ = {isa = PBXFileReference; lastKnownFileType = text.plist.strings; name = en; path = en.lproj/InfoPlist.strings; sourceTree = "<group>"; };
		FC61927B172182F000C147D6 /* YoungTests.h */ = {isa = PBXFileReference; lastKnownFileType = sourcecode.c.h; path = YoungTests.h; sourceTree = "<group>"; };
		FC61927C172182F000C147D6 /* YoungTests.m */ = {isa = PBXFileReference; lastKnownFileType = sourcecode.c.objc; path = YoungTests.m; sourceTree = "<group>"; };
		FC6192861721868200C147D6 /* OpenGLES.framework */ = {isa = PBXFileReference; lastKnownFileType = wrapper.framework; name = OpenGLES.framework; path = System/Library/Frameworks/OpenGLES.framework; sourceTree = SDKROOT; };
		FC61928A17218AAD00C147D6 /* QuartzCore.framework */ = {isa = PBXFileReference; lastKnownFileType = wrapper.framework; name = QuartzCore.framework; path = System/Library/Frameworks/QuartzCore.framework; sourceTree = SDKROOT; };
		FC61928F17218D2800C147D6 /* ESRender.h */ = {isa = PBXFileReference; fileEncoding = 4; lastKnownFileType = sourcecode.c.h; path = ESRender.h; sourceTree = "<group>"; };
		FC61929217218DE700C147D6 /* ES2Renderer.h */ = {isa = PBXFileReference; fileEncoding = 4; lastKnownFileType = sourcecode.c.h; path = ES2Renderer.h; sourceTree = "<group>"; };
		FC61929317218DE700C147D6 /* ES2Renderer.m */ = {isa = PBXFileReference; fileEncoding = 4; lastKnownFileType = sourcecode.c.objc; path = ES2Renderer.m; sourceTree = "<group>"; };
		FC646CBD1729652000FDB80C /* TriangleScene.h */ = {isa = PBXFileReference; fileEncoding = 4; lastKnownFileType = sourcecode.c.h; path = TriangleScene.h; sourceTree = "<group>"; };
		FC646CBE1729652000FDB80C /* TriangleScene.m */ = {isa = PBXFileReference; fileEncoding = 4; lastKnownFileType = sourcecode.c.objc; path = TriangleScene.m; sourceTree = "<group>"; };
		FC646CC0172979D300FDB80C /* Structures.h */ = {isa = PBXFileReference; fileEncoding = 4; lastKnownFileType = sourcecode.c.h; path = Structures.h; sourceTree = "<group>"; };
		FC79CD971737DE66001DCB24 /* TextureManager.h */ = {isa = PBXFileReference; fileEncoding = 4; lastKnownFileType = sourcecode.c.h; path = TextureManager.h; sourceTree = "<group>"; };
		FC79CD981737DE66001DCB24 /* TextureManager.m */ = {isa = PBXFileReference; fileEncoding = 4; lastKnownFileType = sourcecode.c.objc; path = TextureManager.m; sourceTree = "<group>"; };
		FCACBE60172AC3EA009741FC /* Texture2D.h */ = {isa = PBXFileReference; fileEncoding = 4; lastKnownFileType = sourcecode.c.h; path = Texture2D.h; sourceTree = "<group>"; };
		FCACBE61172AC3EA009741FC /* Texture2D.m */ = {isa = PBXFileReference; fileEncoding = 4; lastKnownFileType = sourcecode.c.objc; path = Texture2D.m; sourceTree = "<group>"; };
/* End PBXFileReference section */

/* Begin PBXFrameworksBuildPhase section */
		FC61924B172182F000C147D6 /* Frameworks */ = {
			isa = PBXFrameworksBuildPhase;
			buildActionMask = 2147483647;
			files = (
				FC61928B17218AAD00C147D6 /* QuartzCore.framework in Frameworks */,
				FC6192871721868200C147D6 /* OpenGLES.framework in Frameworks */,
				FC619252172182F000C147D6 /* UIKit.framework in Frameworks */,
				FC619254172182F000C147D6 /* Foundation.framework in Frameworks */,
				FC619256172182F000C147D6 /* CoreGraphics.framework in Frameworks */,
			);
			runOnlyForDeploymentPostprocessing = 0;
		};
		FC61926A172182F000C147D6 /* Frameworks */ = {
			isa = PBXFrameworksBuildPhase;
			buildActionMask = 2147483647;
			files = (
				FC619270172182F000C147D6 /* SenTestingKit.framework in Frameworks */,
				FC619271172182F000C147D6 /* UIKit.framework in Frameworks */,
				FC619272172182F000C147D6 /* Foundation.framework in Frameworks */,
			);
			runOnlyForDeploymentPostprocessing = 0;
		};
/* End PBXFrameworksBuildPhase section */

/* Begin PBXGroup section */
		FC2EE1D6173DF309007B49AE /* Game Resource */ = {
			isa = PBXGroup;
			children = (
				FC2EE1D7173DF323007B49AE /* Images */,
			);
			name = "Game Resource";
			sourceTree = "<group>";
		};
		FC2EE1D7173DF323007B49AE /* Images */ = {
			isa = PBXGroup;
			children = (
				FC2EE1D8173DF356007B49AE /* knight.gif */,
			);
			name = Images;
			sourceTree = "<group>";
		};
		FC5C7A9F1726710B00BF2C4B /* Base */ = {
			isa = PBXGroup;
			children = (
				FC2F02011725664900F32B8E /* ES1Renderer.h */,
				FC2F02021725664900F32B8E /* ES1Renderer.m */,
				FC61929217218DE700C147D6 /* ES2Renderer.h */,
				FC61929317218DE700C147D6 /* ES2Renderer.m */,
				FC61928F17218D2800C147D6 /* ESRender.h */,
				FC2F0204172570D300F32B8E /* EAGLView.h */,
				FC2F0205172570D300F32B8E /* EAGLView.m */,
			);
			name = Base;
			sourceTree = "<group>";
		};
		FC5C7AA01726713D00BF2C4B /* Global Headers */ = {
			isa = PBXGroup;
			children = (
				FC5C7AA11726717100BF2C4B /* Global.h */,
				FC3F8DA3173D2E4600DE3C80 /* Transform2D.h */,
				FC5C7AA2172671F100BF2C4B /* SynthesizeSingleton.h */,
				FC5C7AA31726752000BF2C4B /* Common.h */,
				FC646CC0172979D300FDB80C /* Structures.h */,
			);
			name = "Global Headers";
			sourceTree = "<group>";
		};
		FC5C7AA41726756000BF2C4B /* Abstract Classes */ = {
			isa = PBXGroup;
			children = (
				FC5C7AA5172676B400BF2C4B /* AbstractScene.h */,
				FC5C7AA6172676B400BF2C4B /* AbstractScene.m */,
			);
			name = "Abstract Classes";
			sourceTree = "<group>";
		};
		FC5C7AA817267AE200BF2C4B /* Game Scenes */ = {
			isa = PBXGroup;
			children = (
				FC5C7AA917267B1100BF2C4B /* GameScene.h */,
				FC5C7AAA17267B1100BF2C4B /* GameScene.m */,
			);
			name = "Game Scenes";
			sourceTree = "<group>";
		};
		FC5C7AAC17267C0400BF2C4B /* Game Controller */ = {
			isa = PBXGroup;
			children = (
				FC5C7AAD17267C2A00BF2C4B /* GameController.h */,
				FC5C7AAE17267C2A00BF2C4B /* GameController.m */,
			);
			name = "Game Controller";
			sourceTree = "<group>";
		};
		FC619245172182F000C147D6 = {
			isa = PBXGroup;
			children = (
				FC619257172182F000C147D6 /* Young */,
				FC619275172182F000C147D6 /* YoungTests */,
				FC619250172182F000C147D6 /* Frameworks */,
				FC61924F172182F000C147D6 /* Products */,
			);
			sourceTree = "<group>";
		};
		FC61924F172182F000C147D6 /* Products */ = {
			isa = PBXGroup;
			children = (
				FC61924E172182F000C147D6 /* Young.app */,
				FC61926E172182F000C147D6 /* YoungTests.octest */,
			);
			name = Products;
			sourceTree = "<group>";
		};
		FC619250172182F000C147D6 /* Frameworks */ = {
			isa = PBXGroup;
			children = (
				FC61928A17218AAD00C147D6 /* QuartzCore.framework */,
				FC6192861721868200C147D6 /* OpenGLES.framework */,
				FC619251172182F000C147D6 /* UIKit.framework */,
				FC619253172182F000C147D6 /* Foundation.framework */,
				FC619255172182F000C147D6 /* CoreGraphics.framework */,
				FC61926F172182F000C147D6 /* SenTestingKit.framework */,
			);
			name = Frameworks;
			sourceTree = "<group>";
		};
		FC619257172182F000C147D6 /* Young */ = {
			isa = PBXGroup;
			children = (
				FC2EE1D6173DF309007B49AE /* Game Resource */,
				FC5C7AA01726713D00BF2C4B /* Global Headers */,
				FCACBE5D172AC274009741FC /* Game Engine */,
				FC5C7AAC17267C0400BF2C4B /* Game Controller */,
				FC5C7AA817267AE200BF2C4B /* Game Scenes */,
				FC5C7AA41726756000BF2C4B /* Abstract Classes */,
				FC5C7A9F1726710B00BF2C4B /* Base */,
				FC619260172182F000C147D6 /* AppDelegate.h */,
				FC619261172182F000C147D6 /* AppDelegate.m */,
				FC2F02091725833400F32B8E /* MainWindow.xib */,
				FC619258172182F000C147D6 /* Supporting Files */,
				FC646CBC172964B300FDB80C /* Exercise */,
			);
			path = Young;
			sourceTree = "<group>";
		};
		FC619258172182F000C147D6 /* Supporting Files */ = {
			isa = PBXGroup;
			children = (
				FC619259172182F000C147D6 /* Young-Info.plist */,
				FC61925A172182F000C147D6 /* InfoPlist.strings */,
				FC61925D172182F000C147D6 /* main.m */,
				FC61925F172182F000C147D6 /* Young-Prefix.pch */,
				FC619263172182F000C147D6 /* Default.png */,
				FC619265172182F000C147D6 /* Default@2x.png */,
				FC619267172182F000C147D6 /* Default-568h@2x.png */,
			);
			name = "Supporting Files";
			sourceTree = "<group>";
		};
		FC619275172182F000C147D6 /* YoungTests */ = {
			isa = PBXGroup;
			children = (
				FC61927B172182F000C147D6 /* YoungTests.h */,
				FC61927C172182F000C147D6 /* YoungTests.m */,
				FC619276172182F000C147D6 /* Supporting Files */,
			);
			path = YoungTests;
			sourceTree = "<group>";
		};
		FC619276172182F000C147D6 /* Supporting Files */ = {
			isa = PBXGroup;
			children = (
				FC619277172182F000C147D6 /* YoungTests-Info.plist */,
				FC619278172182F000C147D6 /* InfoPlist.strings */,
			);
			name = "Supporting Files";
			sourceTree = "<group>";
		};
		FC646CBC172964B300FDB80C /* Exercise */ = {
			isa = PBXGroup;
			children = (
				FC646CBD1729652000FDB80C /* TriangleScene.h */,
				FC646CBE1729652000FDB80C /* TriangleScene.m */,
			);
			name = Exercise;
			sourceTree = "<group>";
		};
		FC79CD961737DB5C001DCB24 /* Managers */ = {
			isa = PBXGroup;
			children = (
				FC79CD971737DE66001DCB24 /* TextureManager.h */,
				FC79CD981737DE66001DCB24 /* TextureManager.m */,
				FC3912C8173A842B00EBD281 /* ImageRenderManager.h */,
				FC3912C9173A842B00EBD281 /* ImageRenderManager.m */,
			);
			name = Managers;
			sourceTree = "<group>";
		};
		FCACBE5D172AC274009741FC /* Game Engine */ = {
			isa = PBXGroup;
			children = (
				FC79CD961737DB5C001DCB24 /* Managers */,
				FCACBE5E172AC2E1009741FC /* Image */,
			);
			name = "Game Engine";
			sourceTree = "<group>";
		};
		FCACBE5E172AC2E1009741FC /* Image */ = {
			isa = PBXGroup;
			children = (
				FC3F8DA0173D236000DE3C80 /* Image.h */,
				FC3F8DA1173D236000DE3C80 /* Image.m */,
				FCACBE5F172AC3C1009741FC /* Texture2D */,
			);
			name = Image;
			sourceTree = "<group>";
		};
		FCACBE5F172AC3C1009741FC /* Texture2D */ = {
			isa = PBXGroup;
			children = (
				FCACBE60172AC3EA009741FC /* Texture2D.h */,
				FCACBE61172AC3EA009741FC /* Texture2D.m */,
			);
			name = Texture2D;
			sourceTree = "<group>";
		};
/* End PBXGroup section */

/* Begin PBXNativeTarget section */
		FC61924D172182F000C147D6 /* Young */ = {
			isa = PBXNativeTarget;
			buildConfigurationList = FC619280172182F000C147D6 /* Build configuration list for PBXNativeTarget "Young" */;
			buildPhases = (
				FC61924A172182F000C147D6 /* Sources */,
				FC61924B172182F000C147D6 /* Frameworks */,
				FC61924C172182F000C147D6 /* Resources */,
			);
			buildRules = (
			);
			dependencies = (
			);
			name = Young;
			productName = Young;
			productReference = FC61924E172182F000C147D6 /* Young.app */;
			productType = "com.apple.product-type.application";
		};
		FC61926D172182F000C147D6 /* YoungTests */ = {
			isa = PBXNativeTarget;
			buildConfigurationList = FC619283172182F000C147D6 /* Build configuration list for PBXNativeTarget "YoungTests" */;
			buildPhases = (
				FC619269172182F000C147D6 /* Sources */,
				FC61926A172182F000C147D6 /* Frameworks */,
				FC61926B172182F000C147D6 /* Resources */,
				FC61926C172182F000C147D6 /* ShellScript */,
			);
			buildRules = (
			);
			dependencies = (
				FC619274172182F000C147D6 /* PBXTargetDependency */,
			);
			name = YoungTests;
			productName = YoungTests;
			productReference = FC61926E172182F000C147D6 /* YoungTests.octest */;
			productType = "com.apple.product-type.bundle";
		};
/* End PBXNativeTarget section */

/* Begin PBXProject section */
		FC619246172182F000C147D6 /* Project object */ = {
			isa = PBXProject;
			attributes = {
				LastUpgradeCheck = 0460;
				ORGANIZATIONNAME = ManYou;
			};
			buildConfigurationList = FC619249172182F000C147D6 /* Build configuration list for PBXProject "Young" */;
			compatibilityVersion = "Xcode 3.2";
			developmentRegion = English;
			hasScannedForEncodings = 0;
			knownRegions = (
				en,
			);
			mainGroup = FC619245172182F000C147D6;
			productRefGroup = FC61924F172182F000C147D6 /* Products */;
			projectDirPath = "";
			projectRoot = "";
			targets = (
				FC61924D172182F000C147D6 /* Young */,
				FC61926D172182F000C147D6 /* YoungTests */,
			);
		};
/* End PBXProject section */

/* Begin PBXResourcesBuildPhase section */
		FC61924C172182F000C147D6 /* Resources */ = {
			isa = PBXResourcesBuildPhase;
			buildActionMask = 2147483647;
			files = (
				FC61925C172182F000C147D6 /* InfoPlist.strings in Resources */,
				FC619264172182F000C147D6 /* Default.png in Resources */,
				FC619266172182F000C147D6 /* Default@2x.png in Resources */,
				FC619268172182F000C147D6 /* Default-568h@2x.png in Resources */,
				FC2F020A1725833400F32B8E /* MainWindow.xib in Resources */,
				FC2EE1D9173DF356007B49AE /* knight.gif in Resources */,
			);
			runOnlyForDeploymentPostprocessing = 0;
		};
		FC61926B172182F000C147D6 /* Resources */ = {
			isa = PBXResourcesBuildPhase;
			buildActionMask = 2147483647;
			files = (
				FC61927A172182F000C147D6 /* InfoPlist.strings in Resources */,
			);
			runOnlyForDeploymentPostprocessing = 0;
		};
/* End PBXResourcesBuildPhase section */

/* Begin PBXShellScriptBuildPhase section */
		FC61926C172182F000C147D6 /* ShellScript */ = {
			isa = PBXShellScriptBuildPhase;
			buildActionMask = 2147483647;
			files = (
			);
			inputPaths = (
			);
			outputPaths = (
			);
			runOnlyForDeploymentPostprocessing = 0;
			shellPath = /bin/sh;
			shellScript = "# Run the unit tests in this test bundle.\n\"${SYSTEM_DEVELOPER_DIR}/Tools/RunUnitTests\"\n";
		};
/* End PBXShellScriptBuildPhase section */

/* Begin PBXSourcesBuildPhase section */
		FC61924A172182F000C147D6 /* Sources */ = {
			isa = PBXSourcesBuildPhase;
			buildActionMask = 2147483647;
			files = (
				FC61925E172182F000C147D6 /* main.m in Sources */,
				FC619262172182F000C147D6 /* AppDelegate.m in Sources */,
				FC61929417218DE700C147D6 /* ES2Renderer.m in Sources */,
				FC2F02031725664900F32B8E /* ES1Renderer.m in Sources */,
				FC2F0206172570D300F32B8E /* EAGLView.m in Sources */,
				FC5C7AA7172676B400BF2C4B /* AbstractScene.m in Sources */,
				FC5C7AAB17267B1100BF2C4B /* GameScene.m in Sources */,
				FC5C7AAF17267C2A00BF2C4B /* GameController.m in Sources */,
				FC646CBF1729652000FDB80C /* TriangleScene.m in Sources */,
				FCACBE62172AC3EA009741FC /* Texture2D.m in Sources */,
				FC79CD991737DE66001DCB24 /* TextureManager.m in Sources */,
				FC3912CA173A842B00EBD281 /* ImageRenderManager.m in Sources */,
				FC3F8DA2173D236000DE3C80 /* Image.m in Sources */,
			);
			runOnlyForDeploymentPostprocessing = 0;
		};
		FC619269172182F000C147D6 /* Sources */ = {
			isa = PBXSourcesBuildPhase;
			buildActionMask = 2147483647;
			files = (
				FC61927D172182F000C147D6 /* YoungTests.m in Sources */,
			);
			runOnlyForDeploymentPostprocessing = 0;
		};
/* End PBXSourcesBuildPhase section */

/* Begin PBXTargetDependency section */
		FC619274172182F000C147D6 /* PBXTargetDependency */ = {
			isa = PBXTargetDependency;
			target = FC61924D172182F000C147D6 /* Young */;
			targetProxy = FC619273172182F000C147D6 /* PBXContainerItemProxy */;
		};
/* End PBXTargetDependency section */

/* Begin PBXVariantGroup section */
		FC61925A172182F000C147D6 /* InfoPlist.strings */ = {
			isa = PBXVariantGroup;
			children = (
				FC61925B172182F000C147D6 /* en */,
			);
			name = InfoPlist.strings;
			sourceTree = "<group>";
		};
		FC619278172182F000C147D6 /* InfoPlist.strings */ = {
			isa = PBXVariantGroup;
			children = (
				FC619279172182F000C147D6 /* en */,
			);
			name = InfoPlist.strings;
			sourceTree = "<group>";
		};
/* End PBXVariantGroup section */

/* Begin XCBuildConfiguration section */
		FC61927E172182F000C147D6 /* Debug */ = {
			isa = XCBuildConfiguration;
			buildSettings = {
				ALWAYS_SEARCH_USER_PATHS = NO;
				CLANG_CXX_LANGUAGE_STANDARD = "gnu++0x";
				CLANG_CXX_LIBRARY = "libc++";
				CLANG_ENABLE_OBJC_ARC = NO;
				CLANG_WARN_CONSTANT_CONVERSION = YES;
				CLANG_WARN_EMPTY_BODY = YES;
				CLANG_WARN_ENUM_CONVERSION = YES;
				CLANG_WARN_INT_CONVERSION = YES;
				CLANG_WARN__DUPLICATE_METHOD_MATCH = YES;
				"CODE_SIGN_IDENTITY[sdk=iphoneos*]" = "iPhone Developer";
				COPY_PHASE_STRIP = NO;
				GCC_C_LANGUAGE_STANDARD = gnu99;
				GCC_DYNAMIC_NO_PIC = NO;
				GCC_OPTIMIZATION_LEVEL = 0;
				GCC_PREPROCESSOR_DEFINITIONS = (
					"DEBUG=1",
					"$(inherited)",
				);
				GCC_SYMBOLS_PRIVATE_EXTERN = NO;
				GCC_WARN_ABOUT_RETURN_TYPE = YES;
				GCC_WARN_UNINITIALIZED_AUTOS = YES;
				GCC_WARN_UNUSED_VARIABLE = YES;
				IPHONEOS_DEPLOYMENT_TARGET = 6.1;
				ONLY_ACTIVE_ARCH = YES;
				SDKROOT = iphoneos;
				TARGETED_DEVICE_FAMILY = "1,2";
			};
			name = Debug;
		};
		FC61927F172182F000C147D6 /* Release */ = {
			isa = XCBuildConfiguration;
			buildSettings = {
				ALWAYS_SEARCH_USER_PATHS = NO;
				CLANG_CXX_LANGUAGE_STANDARD = "gnu++0x";
				CLANG_CXX_LIBRARY = "libc++";
				CLANG_ENABLE_OBJC_ARC = NO;
				CLANG_WARN_CONSTANT_CONVERSION = YES;
				CLANG_WARN_EMPTY_BODY = YES;
				CLANG_WARN_ENUM_CONVERSION = YES;
				CLANG_WARN_INT_CONVERSION = YES;
				CLANG_WARN__DUPLICATE_METHOD_MATCH = YES;
				"CODE_SIGN_IDENTITY[sdk=iphoneos*]" = "iPhone Developer";
				COPY_PHASE_STRIP = YES;
				GCC_C_LANGUAGE_STANDARD = gnu99;
				GCC_WARN_ABOUT_RETURN_TYPE = YES;
				GCC_WARN_UNINITIALIZED_AUTOS = YES;
				GCC_WARN_UNUSED_VARIABLE = YES;
				IPHONEOS_DEPLOYMENT_TARGET = 6.1;
				OTHER_CFLAGS = "-DNS_BLOCK_ASSERTIONS=1";
				SDKROOT = iphoneos;
				TARGETED_DEVICE_FAMILY = "1,2";
				VALIDATE_PRODUCT = YES;
			};
			name = Release;
		};
		FC619281172182F000C147D6 /* Debug */ = {
			isa = XCBuildConfiguration;
			buildSettings = {
				GCC_PRECOMPILE_PREFIX_HEADER = YES;
				GCC_PREFIX_HEADER = "Young/Young-Prefix.pch";
				INFOPLIST_FILE = "Young/Young-Info.plist";
				PRODUCT_NAME = "$(TARGET_NAME)";
				WRAPPER_EXTENSION = app;
			};
			name = Debug;
		};
		FC619282172182F000C147D6 /* Release */ = {
			isa = XCBuildConfiguration;
			buildSettings = {
				GCC_PRECOMPILE_PREFIX_HEADER = YES;
				GCC_PREFIX_HEADER = "Young/Young-Prefix.pch";
				INFOPLIST_FILE = "Young/Young-Info.plist";
				PRODUCT_NAME = "$(TARGET_NAME)";
				WRAPPER_EXTENSION = app;
			};
			name = Release;
		};
		FC619284172182F000C147D6 /* Debug */ = {
			isa = XCBuildConfiguration;
			buildSettings = {
				BUNDLE_LOADER = "$(BUILT_PRODUCTS_DIR)/Young.app/Young";
				FRAMEWORK_SEARCH_PATHS = (
					"\"$(SDKROOT)/Developer/Library/Frameworks\"",
					"\"$(DEVELOPER_LIBRARY_DIR)/Frameworks\"",
				);
				GCC_PRECOMPILE_PREFIX_HEADER = YES;
				GCC_PREFIX_HEADER = "Young/Young-Prefix.pch";
				INFOPLIST_FILE = "YoungTests/YoungTests-Info.plist";
				PRODUCT_NAME = "$(TARGET_NAME)";
				TEST_HOST = "$(BUNDLE_LOADER)";
				WRAPPER_EXTENSION = octest;
			};
			name = Debug;
		};
		FC619285172182F000C147D6 /* Release */ = {
			isa = XCBuildConfiguration;
			buildSettings = {
				BUNDLE_LOADER = "$(BUILT_PRODUCTS_DIR)/Young.app/Young";
				FRAMEWORK_SEARCH_PATHS = (
					"\"$(SDKROOT)/Developer/Library/Frameworks\"",
					"\"$(DEVELOPER_LIBRARY_DIR)/Frameworks\"",
				);
				GCC_PRECOMPILE_PREFIX_HEADER = YES;
				GCC_PREFIX_HEADER = "Young/Young-Prefix.pch";
				INFOPLIST_FILE = "YoungTests/YoungTests-Info.plist";
				PRODUCT_NAME = "$(TARGET_NAME)";
				TEST_HOST = "$(BUNDLE_LOADER)";
				WRAPPER_EXTENSION = octest;
			};
			name = Release;
		};
/* End XCBuildConfiguration section */

/* Begin XCConfigurationList section */
		FC619249172182F000C147D6 /* Build configuration list for PBXProject "Young" */ = {
			isa = XCConfigurationList;
			buildConfigurations = (
				FC61927E172182F000C147D6 /* Debug */,
				FC61927F172182F000C147D6 /* Release */,
			);
			defaultConfigurationIsVisible = 0;
			defaultConfigurationName = Release;
		};
		FC619280172182F000C147D6 /* Build configuration list for PBXNativeTarget "Young" */ = {
			isa = XCConfigurationList;
			buildConfigurations = (
				FC619281172182F000C147D6 /* Debug */,
				FC619282172182F000C147D6 /* Release */,
			);
			defaultConfigurationIsVisible = 0;
			defaultConfigurationName = Release;
		};
		FC619283172182F000C147D6 /* Build configuration list for PBXNativeTarget "YoungTests" */ = {
			isa = XCConfigurationList;
			buildConfigurations = (
				FC619284172182F000C147D6 /* Debug */,
				FC619285172182F000C147D6 /* Release */,
			);
			defaultConfigurationIsVisible = 0;
			defaultConfigurationName = Release;
		};
/* End XCConfigurationList section */
	};
	rootObject = FC619246172182F000C147D6 /* Project object */;
}
